
Microsoft Visual Studio Solution File, Format Version 12.00
# Visual Studio Version 17
VisualStudioVersion = 17.5.33516.290
MinimumVisualStudioVersion = 10.0.40219.1
Project("{8BC9CEB8-8B4A-11D0-8D11-00A0C91BC942}") = "CudaCNN", "CudaCNN\CudaCNN.vcxproj", "{4BBB538B-E9F6-4217-A2AF-42B6CF409BBB}"
EndProject
Global
	GlobalSection(SolutionConfigurationPlatforms) = preSolution
		Debug|x64 = Debug|x64
		Release|x64 = Release|x64
	EndGlobalSection
	GlobalSection(ProjectConfigurationPlatforms) = postSolution
		{4BBB538B-E9F6-4217-A2AF-42B6CF409BBB}.Debug|x64.ActiveCfg = Debug|x64
		{4BBB538B-E9F6-4217-A2AF-42B6CF409BBB}.Debug|x64.Build.0 = Debug|x64
		{4BBB538B-E9F6-4217-A2AF-42B6CF409BBB}.Release|x64.ActiveCfg = Release|x64
		{4BBB538B-E9F6-4217-A2AF-42B6CF409BBB}.Release|x64.Build.0 = Release|x64
	EndGlobalSection
	GlobalSection(SolutionProperties) = preSolution
		HideSolutionNode = FALSE
	EndGlobalSection
	GlobalSection(ExtensibilityGlobals) = postSolution
		SolutionGuid = {A0A9F823-5C0D-4960-B767-5813AB38F470}
	EndGlobalSection
EndGlobal
